
Microsoft Visual Studio Solution File, Format Version 12.00
# Visual Studio Version 16
VisualStudioVersion = 16.0.31911.196
MinimumVisualStudioVersion = 10.0.40219.1
Project("{9A19103F-16F7-4668-BE54-9A1E7A4F7556}") = "Site", "Site\Site.csproj", "{EC3DB04B-7E86-406A-8A90-EDC9A8065587}"
EndProject
Project("{9A19103F-16F7-4668-BE54-9A1E7A4F7556}") = "RazorPagesMovie", "RazorPagesMovie\RazorPagesMovie.csproj", "{973D82F8-14DD-4F86-8AB5-161F87ABB453}"
EndProject
Project("{9A19103F-16F7-4668-BE54-9A1E7A4F7556}") = "Site.Models", "Site.Models\Site.Models.csproj", "{C4C4608F-22FF-45A8-B371-A387F4CD296B}"
EndProject
Project("{9A19103F-16F7-4668-BE54-9A1E7A4F7556}") = "Site.Services", "Site.Services\Site.Services.csproj", "{55C0D852-1E92-4C0B-84C5-7215BB7B9BF0}"
EndProject
Project("{9A19103F-16F7-4668-BE54-9A1E7A4F7556}") = "MetanitViewComponent", "MetanitViewComponent\MetanitViewComponent.csproj", "{38F5D5A7-9068-4C97-96E4-5542253ABB9B}"
EndProject
Project("{E24C65DC-7377-472B-9ABA-BC803B73C61A}") = "shevkunenko.ru", "..\shevkunenko.ru\", "{610E8A56-5298-427E-86CB-F1BE66E2B7AF}"
	ProjectSection(WebsiteProperties) = preProject
		TargetFrameworkMoniker = ".NETFramework,Version%3Dv4.0"
		Debug.AspNetCompiler.VirtualPath = "/localhost_52614"
		Debug.AspNetCompiler.PhysicalPath = "..\shevkunenko.ru\"
		Debug.AspNetCompiler.TargetPath = "PrecompiledWeb\localhost_52614\"
		Debug.AspNetCompiler.Updateable = "true"
		Debug.AspNetCompiler.ForceOverwrite = "true"
		Debug.AspNetCompiler.FixedNames = "false"
		Debug.AspNetCompiler.Debug = "True"
		Release.AspNetCompiler.VirtualPath = "/localhost_52614"
		Release.AspNetCompiler.PhysicalPath = "..\shevkunenko.ru\"
		Release.AspNetCompiler.TargetPath = "PrecompiledWeb\localhost_52614\"
		Release.AspNetCompiler.Updateable = "true"
		Release.AspNetCompiler.ForceOverwrite = "true"
		Release.AspNetCompiler.FixedNames = "false"
		Release.AspNetCompiler.Debug = "False"
		VWDPort = "52614"
		SlnRelativePath = "..\shevkunenko.ru\"
	EndProjectSection
EndProject
Project("{9A19103F-16F7-4668-BE54-9A1E7A4F7556}") = "MasterProgerRazorPages", "MasterProgerRazorPages\MasterProgerRazorPages.csproj", "{376D7870-0168-4205-807C-B9EF75ED5DD3}"
EndProject
Project("{9A19103F-16F7-4668-BE54-9A1E7A4F7556}") = "MasterProgerRazorPages.Models", "MasterProgerRazorPages.Models\MasterProgerRazorPages.Models.csproj", "{A07B1711-CC66-4AFA-8CB0-258D1DAB40BA}"
EndProject
Project("{9A19103F-16F7-4668-BE54-9A1E7A4F7556}") = "MasterProgerRazorPages.Services", "MasterProgerRazorPages.Services\MasterProgerRazorPages.Services.csproj", "{38C8C557-4A5C-450E-B1DC-AB601193F1C1}"
EndProject
Project("{9A19103F-16F7-4668-BE54-9A1E7A4F7556}") = "ContosoUniversity", "ContosoUniversity\ContosoUniversity.csproj", "{49F55E75-E0F0-4EAA-A4B6-2FB40885A6AF}"
EndProject
Project("{2150E333-8FDC-42A3-9474-1A3956D46DE8}") = "AdamFreeman", "AdamFreeman", "{A2565391-B638-4E34-8AAD-449FFDC9D102}"
EndProject
Project("{9A19103F-16F7-4668-BE54-9A1E7A4F7556}") = "PartyInvites", "AdamFreeman\PartyInvites\PartyInvites.csproj", "{45105936-3FE5-4997-9021-C025EFEB2B55}"
EndProject
Project("{9A19103F-16F7-4668-BE54-9A1E7A4F7556}") = "SportsStore", "AdamFreeman\SportsStore\SportsStore.csproj", "{2E276FCF-731A-4FA6-9ED2-9A52158E8B05}"
EndProject
Project("{2150E333-8FDC-42A3-9474-1A3956D46DE8}") = "MasterProger", "MasterProger", "{F31F9A09-7742-44D0-874D-EC40A0D85BD3}"
EndProject
Project("{2150E333-8FDC-42A3-9474-1A3956D46DE8}") = "MicrosoftTutorial", "MicrosoftTutorial", "{8F186CA0-BBD7-40CF-B376-F24BAFFE2392}"
EndProject
Project("{2150E333-8FDC-42A3-9474-1A3956D46DE8}") = "Metanit", "Metanit", "{7B37DA9E-45E9-45B2-BB6B-B2EB881B9D3C}"
EndProject
Project("{9A19103F-16F7-4668-BE54-9A1E7A4F7556}") = "RazorPagesApp", "Metanit\RazorPagesApp\RazorPagesApp.csproj", "{A9998F8E-DC3A-4C32-B83F-E401A6D7436B}"
EndProject
Project("{9A19103F-16F7-4668-BE54-9A1E7A4F7556}") = "EmptyRazorPagesApp", "Metanit\EmptyRazorPagesApp\EmptyRazorPagesApp.csproj", "{529F38A6-DA70-44B5-B28F-17A47BA32185}"
EndProject
Project("{2150E333-8FDC-42A3-9474-1A3956D46DE8}") = "AndrewLock", "AndrewLock", "{8B2061CA-13EF-4A19-A826-1F24A891AF97}"
EndProject
Project("{9A19103F-16F7-4668-BE54-9A1E7A4F7556}") = "Identity", "AndrewLock\Identity\Identity.csproj", "{6C93F38A-B21C-433C-8D3E-0FF37EFE8421}"
EndProject
Project("{FAE04EC0-301F-11D3-BF4B-00C04F79EFBC}") = "Authentication", "Metanit\Authentication\Authentication.csproj", "{B85AFD85-FEAC-493F-94DE-3D85C5A7440A}"
EndProject
Global
	GlobalSection(SolutionConfigurationPlatforms) = preSolution
		Debug|Any CPU = Debug|Any CPU
		Release|Any CPU = Release|Any CPU
	EndGlobalSection
	GlobalSection(ProjectConfigurationPlatforms) = postSolution
		{EC3DB04B-7E86-406A-8A90-EDC9A8065587}.Debug|Any CPU.ActiveCfg = Debug|Any CPU
		{EC3DB04B-7E86-406A-8A90-EDC9A8065587}.Debug|Any CPU.Build.0 = Debug|Any CPU
		{EC3DB04B-7E86-406A-8A90-EDC9A8065587}.Release|Any CPU.ActiveCfg = Release|Any CPU
		{EC3DB04B-7E86-406A-8A90-EDC9A8065587}.Release|Any CPU.Build.0 = Release|Any CPU
		{973D82F8-14DD-4F86-8AB5-161F87ABB453}.Debug|Any CPU.ActiveCfg = Debug|Any CPU
		{973D82F8-14DD-4F86-8AB5-161F87ABB453}.Debug|Any CPU.Build.0 = Debug|Any CPU
		{973D82F8-14DD-4F86-8AB5-161F87ABB453}.Release|Any CPU.ActiveCfg = Release|Any CPU
		{973D82F8-14DD-4F86-8AB5-161F87ABB453}.Release|Any CPU.Build.0 = Release|Any CPU
		{C4C4608F-22FF-45A8-B371-A387F4CD296B}.Debug|Any CPU.ActiveCfg = Debug|Any CPU
		{C4C4608F-22FF-45A8-B371-A387F4CD296B}.Debug|Any CPU.Build.0 = Debug|Any CPU
		{C4C4608F-22FF-45A8-B371-A387F4CD296B}.Release|Any CPU.ActiveCfg = Release|Any CPU
		{C4C4608F-22FF-45A8-B371-A387F4CD296B}.Release|Any CPU.Build.0 = Release|Any CPU
		{55C0D852-1E92-4C0B-84C5-7215BB7B9BF0}.Debug|Any CPU.ActiveCfg = Debug|Any CPU
		{55C0D852-1E92-4C0B-84C5-7215BB7B9BF0}.Debug|Any CPU.Build.0 = Debug|Any CPU
		{55C0D852-1E92-4C0B-84C5-7215BB7B9BF0}.Release|Any CPU.ActiveCfg = Release|Any CPU
		{55C0D852-1E92-4C0B-84C5-7215BB7B9BF0}.Release|Any CPU.Build.0 = Release|Any CPU
		{38F5D5A7-9068-4C97-96E4-5542253ABB9B}.Debug|Any CPU.ActiveCfg = Debug|Any CPU
		{38F5D5A7-9068-4C97-96E4-5542253ABB9B}.Debug|Any CPU.Build.0 = Debug|Any CPU
		{38F5D5A7-9068-4C97-96E4-5542253ABB9B}.Release|Any CPU.ActiveCfg = Release|Any CPU
		{38F5D5A7-9068-4C97-96E4-5542253ABB9B}.Release|Any CPU.Build.0 = Release|Any CPU
		{610E8A56-5298-427E-86CB-F1BE66E2B7AF}.Debug|Any CPU.ActiveCfg = Debug|Any CPU
		{610E8A56-5298-427E-86CB-F1BE66E2B7AF}.Debug|Any CPU.Build.0 = Debug|Any CPU
		{610E8A56-5298-427E-86CB-F1BE66E2B7AF}.Release|Any CPU.ActiveCfg = Debug|Any CPU
		{610E8A56-5298-427E-86CB-F1BE66E2B7AF}.Release|Any CPU.Build.0 = Debug|Any CPU
		{376D7870-0168-4205-807C-B9EF75ED5DD3}.Debug|Any CPU.ActiveCfg = Debug|Any CPU
		{376D7870-0168-4205-807C-B9EF75ED5DD3}.Debug|Any CPU.Build.0 = Debug|Any CPU
		{376D7870-0168-4205-807C-B9EF75ED5DD3}.Release|Any CPU.ActiveCfg = Release|Any CPU
		{376D7870-0168-4205-807C-B9EF75ED5DD3}.Release|Any CPU.Build.0 = Release|Any CPU
		{A07B1711-CC66-4AFA-8CB0-258D1DAB40BA}.Debug|Any CPU.ActiveCfg = Debug|Any CPU
		{A07B1711-CC66-4AFA-8CB0-258D1DAB40BA}.Debug|Any CPU.Build.0 = Debug|Any CPU
		{A07B1711-CC66-4AFA-8CB0-258D1DAB40BA}.Release|Any CPU.ActiveCfg = Release|Any CPU
		{A07B1711-CC66-4AFA-8CB0-258D1DAB40BA}.Release|Any CPU.Build.0 = Release|Any CPU
		{38C8C557-4A5C-450E-B1DC-AB601193F1C1}.Debug|Any CPU.ActiveCfg = Debug|Any CPU
		{38C8C557-4A5C-450E-B1DC-AB601193F1C1}.Debug|Any CPU.Build.0 = Debug|Any CPU
		{38C8C557-4A5C-450E-B1DC-AB601193F1C1}.Release|Any CPU.ActiveCfg = Release|Any CPU
		{38C8C557-4A5C-450E-B1DC-AB601193F1C1}.Release|Any CPU.Build.0 = Release|Any CPU
		{49F55E75-E0F0-4EAA-A4B6-2FB40885A6AF}.Debug|Any CPU.ActiveCfg = Debug|Any CPU
		{49F55E75-E0F0-4EAA-A4B6-2FB40885A6AF}.Debug|Any CPU.Build.0 = Debug|Any CPU
		{49F55E75-E0F0-4EAA-A4B6-2FB40885A6AF}.Release|Any CPU.ActiveCfg = Release|Any CPU
		{49F55E75-E0F0-4EAA-A4B6-2FB40885A6AF}.Release|Any CPU.Build.0 = Release|Any CPU
		{45105936-3FE5-4997-9021-C025EFEB2B55}.Debug|Any CPU.ActiveCfg = Debug|Any CPU
		{45105936-3FE5-4997-9021-C025EFEB2B55}.Debug|Any CPU.Build.0 = Debug|Any CPU
		{45105936-3FE5-4997-9021-C025EFEB2B55}.Release|Any CPU.ActiveCfg = Release|Any CPU
		{45105936-3FE5-4997-9021-C025EFEB2B55}.Release|Any CPU.Build.0 = Release|Any CPU
		{2E276FCF-731A-4FA6-9ED2-9A52158E8B05}.Debug|Any CPU.ActiveCfg = Debug|Any CPU
		{2E276FCF-731A-4FA6-9ED2-9A52158E8B05}.Debug|Any CPU.Build.0 = Debug|Any CPU
		{2E276FCF-731A-4FA6-9ED2-9A52158E8B05}.Release|Any CPU.ActiveCfg = Release|Any CPU
		{2E276FCF-731A-4FA6-9ED2-9A52158E8B05}.Release|Any CPU.Build.0 = Release|Any CPU
		{A9998F8E-DC3A-4C32-B83F-E401A6D7436B}.Debug|Any CPU.ActiveCfg = Debug|Any CPU
		{A9998F8E-DC3A-4C32-B83F-E401A6D7436B}.Debug|Any CPU.Build.0 = Debug|Any CPU
		{A9998F8E-DC3A-4C32-B83F-E401A6D7436B}.Release|Any CPU.ActiveCfg = Release|Any CPU
		{A9998F8E-DC3A-4C32-B83F-E401A6D7436B}.Release|Any CPU.Build.0 = Release|Any CPU
		{529F38A6-DA70-44B5-B28F-17A47BA32185}.Debug|Any CPU.ActiveCfg = Debug|Any CPU
		{529F38A6-DA70-44B5-B28F-17A47BA32185}.Debug|Any CPU.Build.0 = Debug|Any CPU
		{529F38A6-DA70-44B5-B28F-17A47BA32185}.Release|Any CPU.ActiveCfg = Release|Any CPU
		{529F38A6-DA70-44B5-B28F-17A47BA32185}.Release|Any CPU.Build.0 = Release|Any CPU
		{6C93F38A-B21C-433C-8D3E-0FF37EFE8421}.Debug|Any CPU.ActiveCfg = Debug|Any CPU
		{6C93F38A-B21C-433C-8D3E-0FF37EFE8421}.Debug|Any CPU.Build.0 = Debug|Any CPU
		{6C93F38A-B21C-433C-8D3E-0FF37EFE8421}.Release|Any CPU.ActiveCfg = Release|Any CPU
		{6C93F38A-B21C-433C-8D3E-0FF37EFE8421}.Release|Any CPU.Build.0 = Release|Any CPU
		{B85AFD85-FEAC-493F-94DE-3D85C5A7440A}.Debug|Any CPU.ActiveCfg = Debug|Any CPU
		{B85AFD85-FEAC-493F-94DE-3D85C5A7440A}.Debug|Any CPU.Build.0 = Debug|Any CPU
		{B85AFD85-FEAC-493F-94DE-3D85C5A7440A}.Release|Any CPU.ActiveCfg = Release|Any CPU
		{B85AFD85-FEAC-493F-94DE-3D85C5A7440A}.Release|Any CPU.Build.0 = Release|Any CPU
	EndGlobalSection
	GlobalSection(SolutionProperties) = preSolution
		HideSolutionNode = FALSE
	EndGlobalSection
	GlobalSection(NestedProjects) = preSolution
		{973D82F8-14DD-4F86-8AB5-161F87ABB453} = {8F186CA0-BBD7-40CF-B376-F24BAFFE2392}
		{38F5D5A7-9068-4C97-96E4-5542253ABB9B} = {7B37DA9E-45E9-45B2-BB6B-B2EB881B9D3C}
		{376D7870-0168-4205-807C-B9EF75ED5DD3} = {F31F9A09-7742-44D0-874D-EC40A0D85BD3}
		{A07B1711-CC66-4AFA-8CB0-258D1DAB40BA} = {F31F9A09-7742-44D0-874D-EC40A0D85BD3}
		{38C8C557-4A5C-450E-B1DC-AB601193F1C1} = {F31F9A09-7742-44D0-874D-EC40A0D85BD3}
		{49F55E75-E0F0-4EAA-A4B6-2FB40885A6AF} = {8F186CA0-BBD7-40CF-B376-F24BAFFE2392}
		{45105936-3FE5-4997-9021-C025EFEB2B55} = {A2565391-B638-4E34-8AAD-449FFDC9D102}
		{2E276FCF-731A-4FA6-9ED2-9A52158E8B05} = {A2565391-B638-4E34-8AAD-449FFDC9D102}
		{A9998F8E-DC3A-4C32-B83F-E401A6D7436B} = {7B37DA9E-45E9-45B2-BB6B-B2EB881B9D3C}
		{529F38A6-DA70-44B5-B28F-17A47BA32185} = {7B37DA9E-45E9-45B2-BB6B-B2EB881B9D3C}
		{6C93F38A-B21C-433C-8D3E-0FF37EFE8421} = {8B2061CA-13EF-4A19-A826-1F24A891AF97}
		{B85AFD85-FEAC-493F-94DE-3D85C5A7440A} = {7B37DA9E-45E9-45B2-BB6B-B2EB881B9D3C}
	EndGlobalSection
	GlobalSection(ExtensibilityGlobals) = postSolution
		SolutionGuid = {59220CDA-F737-4816-83F9-5F8ABEF6EEFB}
	EndGlobalSection
EndGlobal
