
Microsoft Visual Studio Solution File, Format Version 12.00
# Visual Studio 15
VisualStudioVersion = 15.0.28010.0
MinimumVisualStudioVersion = 10.0.40219.1
Project("{FAE04EC0-301F-11D3-BF4B-00C04F79EFBC}") = "01_URLOnActionName", "URLOnActionName\01_URLOnActionName.csproj", "{B30A72A5-1688-44C8-90FA-8A37255C839B}"
EndProject
Project("{FAE04EC0-301F-11D3-BF4B-00C04F79EFBC}") = "02_URLOnRouteName", "URLOnRouteName\02_URLOnRouteName.csproj", "{C115963A-AAA8-426A-891A-BC0405EA5E01}"
EndProject
Project("{FAE04EC0-301F-11D3-BF4B-00C04F79EFBC}") = "03_ActionLinks", "ActionLinks\03_ActionLinks.csproj", "{E26BF9B4-83D6-4139-B972-0841881CED60}"
EndProject
Global
	GlobalSection(SolutionConfigurationPlatforms) = preSolution
		Debug|Any CPU = Debug|Any CPU
		Release|Any CPU = Release|Any CPU
	EndGlobalSection
	GlobalSection(ProjectConfigurationPlatforms) = postSolution
		{B30A72A5-1688-44C8-90FA-8A37255C839B}.Debug|Any CPU.ActiveCfg = Debug|Any CPU
		{B30A72A5-1688-44C8-90FA-8A37255C839B}.Debug|Any CPU.Build.0 = Debug|Any CPU
		{B30A72A5-1688-44C8-90FA-8A37255C839B}.Release|Any CPU.ActiveCfg = Release|Any CPU
		{B30A72A5-1688-44C8-90FA-8A37255C839B}.Release|Any CPU.Build.0 = Release|Any CPU
		{C115963A-AAA8-426A-891A-BC0405EA5E01}.Debug|Any CPU.ActiveCfg = Debug|Any CPU
		{C115963A-AAA8-426A-891A-BC0405EA5E01}.Debug|Any CPU.Build.0 = Debug|Any CPU
		{C115963A-AAA8-426A-891A-BC0405EA5E01}.Release|Any CPU.ActiveCfg = Release|Any CPU
		{C115963A-AAA8-426A-891A-BC0405EA5E01}.Release|Any CPU.Build.0 = Release|Any CPU
		{E26BF9B4-83D6-4139-B972-0841881CED60}.Debug|Any CPU.ActiveCfg = Debug|Any CPU
		{E26BF9B4-83D6-4139-B972-0841881CED60}.Debug|Any CPU.Build.0 = Debug|Any CPU
		{E26BF9B4-83D6-4139-B972-0841881CED60}.Release|Any CPU.ActiveCfg = Release|Any CPU
		{E26BF9B4-83D6-4139-B972-0841881CED60}.Release|Any CPU.Build.0 = Release|Any CPU
	EndGlobalSection
	GlobalSection(SolutionProperties) = preSolution
		HideSolutionNode = FALSE
	EndGlobalSection
	GlobalSection(ExtensibilityGlobals) = postSolution
		SolutionGuid = {0292ED0D-4CE0-4809-BE6A-F206987F27B7}
	EndGlobalSection
EndGlobal
